
Microsoft Visual Studio Solution File, Format Version 12.00
# Visual Studio Version 17
VisualStudioVersion = 17.4.33403.182
MinimumVisualStudioVersion = 10.0.40219.1
Project("{FAE04EC0-301F-11D3-BF4B-00C04F79EFBC}") = "Asp net web api template", "Asp net web api template\Asp net web api template.csproj", "{9DC6BED3-895C-4C32-922F-877BCE8ED071}"
EndProject
Project("{FAE04EC0-301F-11D3-BF4B-00C04F79EFBC}") = "Contracts", "Contracts\Contracts.csproj", "{1EFD802F-EB70-4D6E-8B96-3250A666654F}"
EndProject
Project("{FAE04EC0-301F-11D3-BF4B-00C04F79EFBC}") = "LoggerService", "LoggerService\LoggerService.csproj", "{C9DD5005-A9C9-42AF-A924-CBF8559F68F8}"
EndProject
Global
	GlobalSection(SolutionConfigurationPlatforms) = preSolution
		Debug|Any CPU = Debug|Any CPU
		Release|Any CPU = Release|Any CPU
	EndGlobalSection
	GlobalSection(ProjectConfigurationPlatforms) = postSolution
		{9DC6BED3-895C-4C32-922F-877BCE8ED071}.Debug|Any CPU.ActiveCfg = Debug|Any CPU
		{9DC6BED3-895C-4C32-922F-877BCE8ED071}.Debug|Any CPU.Build.0 = Debug|Any CPU
		{9DC6BED3-895C-4C32-922F-877BCE8ED071}.Release|Any CPU.ActiveCfg = Release|Any CPU
		{9DC6BED3-895C-4C32-922F-877BCE8ED071}.Release|Any CPU.Build.0 = Release|Any CPU
		{1EFD802F-EB70-4D6E-8B96-3250A666654F}.Debug|Any CPU.ActiveCfg = Debug|Any CPU
		{1EFD802F-EB70-4D6E-8B96-3250A666654F}.Debug|Any CPU.Build.0 = Debug|Any CPU
		{1EFD802F-EB70-4D6E-8B96-3250A666654F}.Release|Any CPU.ActiveCfg = Release|Any CPU
		{1EFD802F-EB70-4D6E-8B96-3250A666654F}.Release|Any CPU.Build.0 = Release|Any CPU
		{C9DD5005-A9C9-42AF-A924-CBF8559F68F8}.Debug|Any CPU.ActiveCfg = Debug|Any CPU
		{C9DD5005-A9C9-42AF-A924-CBF8559F68F8}.Debug|Any CPU.Build.0 = Debug|Any CPU
		{C9DD5005-A9C9-42AF-A924-CBF8559F68F8}.Release|Any CPU.ActiveCfg = Release|Any CPU
		{C9DD5005-A9C9-42AF-A924-CBF8559F68F8}.Release|Any CPU.Build.0 = Release|Any CPU
	EndGlobalSection
	GlobalSection(SolutionProperties) = preSolution
		HideSolutionNode = FALSE
	EndGlobalSection
	GlobalSection(ExtensibilityGlobals) = postSolution
		SolutionGuid = {D2F45B7A-D76F-40DA-B9F7-41203855678F}
	EndGlobalSection
EndGlobal
